
Microsoft Visual Studio Solution File, Format Version 12.00
# Visual Studio Version 17
VisualStudioVersion = 17.2.32516.85
MinimumVisualStudioVersion = 10.0.40219.1
Project("{FAE04EC0-301F-11D3-BF4B-00C04F79EFBC}") = "Study.Api", "Study.Api\Study.Api.csproj", "{8985749B-4CAD-4C12-A1BD-92671E4A433B}"
EndProject
Project("{FAE04EC0-301F-11D3-BF4B-00C04F79EFBC}") = "Study.Domain", "Study.Domain\Study.Domain.csproj", "{5B432B57-3847-4AA4-8599-1A70E8077BB3}"
EndProject
Project("{FAE04EC0-301F-11D3-BF4B-00C04F79EFBC}") = "Study.Repository", "Study.Repository\Study.Repository.csproj", "{DEFF8ECB-2564-467C-A33F-713829DDA31E}"
EndProject
Global
	GlobalSection(SolutionConfigurationPlatforms) = preSolution
		Debug|Any CPU = Debug|Any CPU
		Release|Any CPU = Release|Any CPU
	EndGlobalSection
	GlobalSection(ProjectConfigurationPlatforms) = postSolution
		{8985749B-4CAD-4C12-A1BD-92671E4A433B}.Debug|Any CPU.ActiveCfg = Debug|Any CPU
		{8985749B-4CAD-4C12-A1BD-92671E4A433B}.Debug|Any CPU.Build.0 = Debug|Any CPU
		{8985749B-4CAD-4C12-A1BD-92671E4A433B}.Release|Any CPU.ActiveCfg = Release|Any CPU
		{8985749B-4CAD-4C12-A1BD-92671E4A433B}.Release|Any CPU.Build.0 = Release|Any CPU
		{5B432B57-3847-4AA4-8599-1A70E8077BB3}.Debug|Any CPU.ActiveCfg = Debug|Any CPU
		{5B432B57-3847-4AA4-8599-1A70E8077BB3}.Debug|Any CPU.Build.0 = Debug|Any CPU
		{5B432B57-3847-4AA4-8599-1A70E8077BB3}.Release|Any CPU.ActiveCfg = Release|Any CPU
		{5B432B57-3847-4AA4-8599-1A70E8077BB3}.Release|Any CPU.Build.0 = Release|Any CPU
		{DEFF8ECB-2564-467C-A33F-713829DDA31E}.Debug|Any CPU.ActiveCfg = Debug|Any CPU
		{DEFF8ECB-2564-467C-A33F-713829DDA31E}.Debug|Any CPU.Build.0 = Debug|Any CPU
		{DEFF8ECB-2564-467C-A33F-713829DDA31E}.Release|Any CPU.ActiveCfg = Release|Any CPU
		{DEFF8ECB-2564-467C-A33F-713829DDA31E}.Release|Any CPU.Build.0 = Release|Any CPU
	EndGlobalSection
	GlobalSection(SolutionProperties) = preSolution
		HideSolutionNode = FALSE
	EndGlobalSection
	GlobalSection(ExtensibilityGlobals) = postSolution
		SolutionGuid = {882D1943-2DFE-47C9-AEE1-4E058D088E4E}
	EndGlobalSection
EndGlobal
